
Microsoft Visual Studio Solution File, Format Version 12.00
# Visual Studio Version 16
VisualStudioVersion = 16.0.28729.10
MinimumVisualStudioVersion = 10.0.40219.1
Project("{9A19103F-16F7-4668-BE54-9A1E7A4F7556}") = "MIDE.Standard", "MIDE.Standard\MIDE.Standard.csproj", "{1EADE570-A992-4D13-9925-239F47F4E2FA}"
EndProject
Project("{FAE04EC0-301F-11D3-BF4B-00C04F79EFBC}") = "MIDE.Kernel.ConsoleTest", "MIDE.Kernel.ConsoleTest\MIDE.Kernel.ConsoleTest.csproj", "{BBAC57A9-8387-46D2-AC07-9CEF8E21DD23}"
EndProject
Project("{FAE04EC0-301F-11D3-BF4B-00C04F79EFBC}") = "MIDE.ExtensionsInstaller", "MIDE.ExtensionsInstaller\MIDE.ExtensionsInstaller.csproj", "{4A31C4A7-C816-40F1-A8F0-D96E1C5D7417}"
EndProject
Global
	GlobalSection(SolutionConfigurationPlatforms) = preSolution
		Debug|Any CPU = Debug|Any CPU
		Release|Any CPU = Release|Any CPU
	EndGlobalSection
	GlobalSection(ProjectConfigurationPlatforms) = postSolution
		{1EADE570-A992-4D13-9925-239F47F4E2FA}.Debug|Any CPU.ActiveCfg = Debug|Any CPU
		{1EADE570-A992-4D13-9925-239F47F4E2FA}.Debug|Any CPU.Build.0 = Debug|Any CPU
		{1EADE570-A992-4D13-9925-239F47F4E2FA}.Release|Any CPU.ActiveCfg = Release|Any CPU
		{1EADE570-A992-4D13-9925-239F47F4E2FA}.Release|Any CPU.Build.0 = Release|Any CPU
		{BBAC57A9-8387-46D2-AC07-9CEF8E21DD23}.Debug|Any CPU.ActiveCfg = Debug|Any CPU
		{BBAC57A9-8387-46D2-AC07-9CEF8E21DD23}.Debug|Any CPU.Build.0 = Debug|Any CPU
		{BBAC57A9-8387-46D2-AC07-9CEF8E21DD23}.Release|Any CPU.ActiveCfg = Release|Any CPU
		{BBAC57A9-8387-46D2-AC07-9CEF8E21DD23}.Release|Any CPU.Build.0 = Release|Any CPU
		{4A31C4A7-C816-40F1-A8F0-D96E1C5D7417}.Debug|Any CPU.ActiveCfg = Debug|Any CPU
		{4A31C4A7-C816-40F1-A8F0-D96E1C5D7417}.Debug|Any CPU.Build.0 = Debug|Any CPU
		{4A31C4A7-C816-40F1-A8F0-D96E1C5D7417}.Release|Any CPU.ActiveCfg = Release|Any CPU
		{4A31C4A7-C816-40F1-A8F0-D96E1C5D7417}.Release|Any CPU.Build.0 = Release|Any CPU
	EndGlobalSection
	GlobalSection(SolutionProperties) = preSolution
		HideSolutionNode = FALSE
	EndGlobalSection
	GlobalSection(ExtensibilityGlobals) = postSolution
		SolutionGuid = {843AA09F-3A7A-4F73-920D-F42EAFD148C7}
	EndGlobalSection
EndGlobal
