
Microsoft Visual Studio Solution File, Format Version 12.00
# Visual Studio Version 16
VisualStudioVersion = 16.0.29021.104
MinimumVisualStudioVersion = 10.0.40219.1
Project("{9A19103F-16F7-4668-BE54-9A1E7A4F7556}") = "XApp.Unicore", "XApp.Standard\XApp.Unicore\XApp.Unicore.csproj", "{8762618C-F078-450E-B55D-9B21C601FB79}"
EndProject
Project("{9A19103F-16F7-4668-BE54-9A1E7A4F7556}") = "XApp.ClientCore", "XApp.Standard\XApp.ClientCore\XApp.ClientCore.csproj", "{F93B75CA-F99A-42AE-96ED-074BF077119E}"
EndProject
Project("{9A19103F-16F7-4668-BE54-9A1E7A4F7556}") = "XApp.ExtensionsInstaller", "XApp.Standard\XApp.ExtensionsInstaller\XApp.ExtensionsInstaller.csproj", "{69D3942F-7332-4532-BEBF-17BE05F36F22}"
EndProject
Project("{9A19103F-16F7-4668-BE54-9A1E7A4F7556}") = "XApp.ExtensionPack", "XApp.Standard\XApp.ExtensionPack\XApp.ExtensionPack.csproj", "{79F9B060-68A7-4A5A-B706-CB4F737D3B97}"
EndProject
Project("{2150E333-8FDC-42A3-9474-1A3956D46DE8}") = "Standard", "Standard", "{95E560A4-BDBA-45B6-9A19-5C97B2A76255}"
EndProject
Project("{2150E333-8FDC-42A3-9474-1A3956D46DE8}") = "Schemes", "Schemes", "{BF0FD7F8-B14C-4831-B090-D1C637C935FB}"
EndProject
Project("{2150E333-8FDC-42A3-9474-1A3956D46DE8}") = "XML", "XML", "{A3FFA3F4-8E56-4077-A03D-524A92F459EF}"
	ProjectSection(SolutionItems) = preProject
		Schemes\XML\app_config.xsd = Schemes\XML\app_config.xsd
	EndProjectSection
EndProject
Project("{2150E333-8FDC-42A3-9474-1A3956D46DE8}") = "UI", "UI", "{2757AC29-B740-4056-BF75-D13CA969FFAD}"
	ProjectSection(SolutionItems) = preProject
		Schemes\UI\concept.bmp = Schemes\UI\concept.bmp
		Schemes\UI\Editor.cs = Schemes\UI\Editor.cs
		Schemes\UI\Explorer.cs = Schemes\UI\Explorer.cs
		Schemes\UI\Menu.cs = Schemes\UI\Menu.cs
		Schemes\UI\Output.cs = Schemes\UI\Output.cs
		Schemes\UI\Toolbox.cs = Schemes\UI\Toolbox.cs
		Schemes\UI\Viewer.cs = Schemes\UI\Viewer.cs
	EndProjectSection
EndProject
Project("{2150E333-8FDC-42A3-9474-1A3956D46DE8}") = "Info", "Info", "{FB6DE56F-BAE9-4252-BAB8-09EF48120485}"
	ProjectSection(SolutionItems) = preProject
		Schemes\Info\supported_platforms.txt = Schemes\Info\supported_platforms.txt
	EndProjectSection
EndProject
Project("{2150E333-8FDC-42A3-9474-1A3956D46DE8}") = "FileSystem", "FileSystem", "{03B603F6-A0C1-478A-8682-9753694F5BF6}"
	ProjectSection(SolutionItems) = preProject
		Schemes\FileSystem\app-extension-scheme.txt = Schemes\FileSystem\app-extension-scheme.txt
	EndProjectSection
EndProject
Project("{2150E333-8FDC-42A3-9474-1A3956D46DE8}") = "Extensions", "Extensions", "{9B822E5B-5FC2-4462-8650-21D1FB7D512B}"
	ProjectSection(SolutionItems) = preProject
		XApp.Extensions\XApp.Extensions.sln = XApp.Extensions\XApp.Extensions.sln
	EndProjectSection
EndProject
Project("{2150E333-8FDC-42A3-9474-1A3956D46DE8}") = "Solution Items", "Solution Items", "{CD0A39EB-9744-4FC2-B4C7-F62198FC59C5}"
	ProjectSection(SolutionItems) = preProject
		.editorconfig = .editorconfig
	EndProjectSection
EndProject
Global
	GlobalSection(SolutionConfigurationPlatforms) = preSolution
		Debug|Any CPU = Debug|Any CPU
		Release|Any CPU = Release|Any CPU
	EndGlobalSection
	GlobalSection(ProjectConfigurationPlatforms) = postSolution
		{8762618C-F078-450E-B55D-9B21C601FB79}.Debug|Any CPU.ActiveCfg = Debug|Any CPU
		{8762618C-F078-450E-B55D-9B21C601FB79}.Debug|Any CPU.Build.0 = Debug|Any CPU
		{8762618C-F078-450E-B55D-9B21C601FB79}.Release|Any CPU.ActiveCfg = Release|Any CPU
		{8762618C-F078-450E-B55D-9B21C601FB79}.Release|Any CPU.Build.0 = Release|Any CPU
		{F93B75CA-F99A-42AE-96ED-074BF077119E}.Debug|Any CPU.ActiveCfg = Debug|Any CPU
		{F93B75CA-F99A-42AE-96ED-074BF077119E}.Debug|Any CPU.Build.0 = Debug|Any CPU
		{F93B75CA-F99A-42AE-96ED-074BF077119E}.Release|Any CPU.ActiveCfg = Release|Any CPU
		{F93B75CA-F99A-42AE-96ED-074BF077119E}.Release|Any CPU.Build.0 = Release|Any CPU
		{69D3942F-7332-4532-BEBF-17BE05F36F22}.Debug|Any CPU.ActiveCfg = Debug|Any CPU
		{69D3942F-7332-4532-BEBF-17BE05F36F22}.Debug|Any CPU.Build.0 = Debug|Any CPU
		{69D3942F-7332-4532-BEBF-17BE05F36F22}.Release|Any CPU.ActiveCfg = Release|Any CPU
		{69D3942F-7332-4532-BEBF-17BE05F36F22}.Release|Any CPU.Build.0 = Release|Any CPU
		{79F9B060-68A7-4A5A-B706-CB4F737D3B97}.Debug|Any CPU.ActiveCfg = Debug|Any CPU
		{79F9B060-68A7-4A5A-B706-CB4F737D3B97}.Debug|Any CPU.Build.0 = Debug|Any CPU
		{79F9B060-68A7-4A5A-B706-CB4F737D3B97}.Release|Any CPU.ActiveCfg = Release|Any CPU
		{79F9B060-68A7-4A5A-B706-CB4F737D3B97}.Release|Any CPU.Build.0 = Release|Any CPU
	EndGlobalSection
	GlobalSection(SolutionProperties) = preSolution
		HideSolutionNode = FALSE
	EndGlobalSection
	GlobalSection(NestedProjects) = preSolution
		{8762618C-F078-450E-B55D-9B21C601FB79} = {95E560A4-BDBA-45B6-9A19-5C97B2A76255}
		{F93B75CA-F99A-42AE-96ED-074BF077119E} = {95E560A4-BDBA-45B6-9A19-5C97B2A76255}
		{69D3942F-7332-4532-BEBF-17BE05F36F22} = {95E560A4-BDBA-45B6-9A19-5C97B2A76255}
		{79F9B060-68A7-4A5A-B706-CB4F737D3B97} = {95E560A4-BDBA-45B6-9A19-5C97B2A76255}
		{A3FFA3F4-8E56-4077-A03D-524A92F459EF} = {BF0FD7F8-B14C-4831-B090-D1C637C935FB}
		{2757AC29-B740-4056-BF75-D13CA969FFAD} = {BF0FD7F8-B14C-4831-B090-D1C637C935FB}
		{FB6DE56F-BAE9-4252-BAB8-09EF48120485} = {BF0FD7F8-B14C-4831-B090-D1C637C935FB}
		{03B603F6-A0C1-478A-8682-9753694F5BF6} = {BF0FD7F8-B14C-4831-B090-D1C637C935FB}
	EndGlobalSection
	GlobalSection(ExtensibilityGlobals) = postSolution
		SolutionGuid = {2C3D8E44-2F8C-430F-BE71-39212B539BB3}
	EndGlobalSection
EndGlobal
