
Microsoft Visual Studio Solution File, Format Version 12.00
# Visual Studio Version 16
VisualStudioVersion = 16.0.28917.182
MinimumVisualStudioVersion = 10.0.40219.1
Project("{9A19103F-16F7-4668-BE54-9A1E7A4F7556}") = "MIDE.ExpertSystems.Standard", "MIDE.ExpertSystems.Standard\MIDE.ExpertSystems.Standard.csproj", "{16B24B03-9767-41FE-9DA0-4159DFF20A4E}"
EndProject
Project("{FAE04EC0-301F-11D3-BF4B-00C04F79EFBC}") = "ConsoleTest", "ConsoleTest\ConsoleTest.csproj", "{E01F31F9-D6F2-4429-A135-E51E8D13A994}"
EndProject
Global
	GlobalSection(SolutionConfigurationPlatforms) = preSolution
		Debug|Any CPU = Debug|Any CPU
		Release|Any CPU = Release|Any CPU
	EndGlobalSection
	GlobalSection(ProjectConfigurationPlatforms) = postSolution
		{16B24B03-9767-41FE-9DA0-4159DFF20A4E}.Debug|Any CPU.ActiveCfg = Debug|Any CPU
		{16B24B03-9767-41FE-9DA0-4159DFF20A4E}.Debug|Any CPU.Build.0 = Debug|Any CPU
		{16B24B03-9767-41FE-9DA0-4159DFF20A4E}.Release|Any CPU.ActiveCfg = Release|Any CPU
		{16B24B03-9767-41FE-9DA0-4159DFF20A4E}.Release|Any CPU.Build.0 = Release|Any CPU
		{E01F31F9-D6F2-4429-A135-E51E8D13A994}.Debug|Any CPU.ActiveCfg = Debug|Any CPU
		{E01F31F9-D6F2-4429-A135-E51E8D13A994}.Debug|Any CPU.Build.0 = Debug|Any CPU
		{E01F31F9-D6F2-4429-A135-E51E8D13A994}.Release|Any CPU.ActiveCfg = Release|Any CPU
		{E01F31F9-D6F2-4429-A135-E51E8D13A994}.Release|Any CPU.Build.0 = Release|Any CPU
	EndGlobalSection
	GlobalSection(SolutionProperties) = preSolution
		HideSolutionNode = FALSE
	EndGlobalSection
	GlobalSection(ExtensibilityGlobals) = postSolution
		SolutionGuid = {C24878A3-F281-42B2-AFCD-C9808C20C525}
	EndGlobalSection
EndGlobal
