
Microsoft Visual Studio Solution File, Format Version 12.00
# Visual Studio Version 16
VisualStudioVersion = 16.0.29021.104
MinimumVisualStudioVersion = 10.0.40219.1
Project("{9A19103F-16F7-4668-BE54-9A1E7A4F7556}") = "Terminal.Standard", "Terminal\Terminal.Standard\Terminal.Standard.csproj", "{30E52DB0-17F1-43B1-8673-330DC1F76E5B}"
EndProject
Project("{FAE04EC0-301F-11D3-BF4B-00C04F79EFBC}") = "Terminal.WPF", "Terminal\Terminal.WPF\Terminal.WPF.csproj", "{58E6AADE-58B4-4B94-A01F-0440D7FDEF09}"
EndProject
Project("{9A19103F-16F7-4668-BE54-9A1E7A4F7556}") = "NodeGraphs.Standard", "NodeGraphs\NodeGraphs.Standard\NodeGraphs.Standard.csproj", "{2778CDDF-5511-4D3C-AE14-F3D52ECCEE8A}"
EndProject
Project("{FAE04EC0-301F-11D3-BF4B-00C04F79EFBC}") = "NodeGraphs.WPF", "NodeGraphs\NodeGraphs.WPF\NodeGraphs.WPF.csproj", "{2013B256-2852-4808-9F2C-0D4B6E3F2188}"
EndProject
Project("{9A19103F-16F7-4668-BE54-9A1E7A4F7556}") = "GanttChart.Standard", "GanttChart\GanttChart.Standard\GanttChart.Standard.csproj", "{B7C81688-1FA3-4E33-9990-73DDE9420E0F}"
EndProject
Project("{FAE04EC0-301F-11D3-BF4B-00C04F79EFBC}") = "GanttChart.WPF", "GanttChart\GanttChart.WPF\GanttChart.WPF.csproj", "{6D924E1F-4F86-4C55-988F-4E1B87DF21B8}"
EndProject
Project("{9A19103F-16F7-4668-BE54-9A1E7A4F7556}") = "ExtensionTemplate", "ExtensionTemplate\KernelTemplate\ExtensionTemplate.csproj", "{D9B9BB8A-00D8-43AA-B955-6DFD606FC21F}"
EndProject
Project("{FAE04EC0-301F-11D3-BF4B-00C04F79EFBC}") = "WPFTemplate", "ExtensionTemplate\WPFTemplate\WPFTemplate.csproj", "{803964C9-3B3C-4E0D-AA11-96D057F8EE46}"
EndProject
Project("{9A19103F-16F7-4668-BE54-9A1E7A4F7556}") = "ExpertSystems.Standard", "ExpertSystems\ExpertSystems.Standard\ExpertSystems.Standard.csproj", "{16B24B03-9767-41FE-9DA0-4159DFF20A4E}"
EndProject
Project("{2150E333-8FDC-42A3-9474-1A3956D46DE8}") = "Template", "Template", "{A4D6161F-3457-45AD-BF1F-4A9D46DFF930}"
EndProject
Project("{2150E333-8FDC-42A3-9474-1A3956D46DE8}") = "ExpertSystems", "ExpertSystems", "{1E0DAA69-DB4D-4468-8958-3F40F0B1CF46}"
EndProject
Project("{2150E333-8FDC-42A3-9474-1A3956D46DE8}") = "GanttChart", "GanttChart", "{B1304A57-D193-4C34-8DAD-635BB334A592}"
EndProject
Project("{2150E333-8FDC-42A3-9474-1A3956D46DE8}") = "NodeGraphs", "NodeGraphs", "{59D2F48F-31AD-440C-AEBC-8BB841DDB272}"
EndProject
Project("{2150E333-8FDC-42A3-9474-1A3956D46DE8}") = "Terminal", "Terminal", "{3FA59B88-6399-45BB-812D-00D552DAE4DB}"
EndProject
Project("{2150E333-8FDC-42A3-9474-1A3956D46DE8}") = "Test", "Test", "{503F2D6C-8BA5-469F-8A2F-A2AE61EC2CA3}"
EndProject
Project("{FAE04EC0-301F-11D3-BF4B-00C04F79EFBC}") = "ExtensionsTest.WPF", "Test\ExtensionsTest.WPF\ExtensionsTest.WPF.csproj", "{E4F44778-59FC-498E-B285-E35CA11D3E61}"
EndProject
Global
	GlobalSection(SolutionConfigurationPlatforms) = preSolution
		Debug|Any CPU = Debug|Any CPU
		Release|Any CPU = Release|Any CPU
	EndGlobalSection
	GlobalSection(ProjectConfigurationPlatforms) = postSolution
		{30E52DB0-17F1-43B1-8673-330DC1F76E5B}.Debug|Any CPU.ActiveCfg = Debug|Any CPU
		{30E52DB0-17F1-43B1-8673-330DC1F76E5B}.Debug|Any CPU.Build.0 = Debug|Any CPU
		{30E52DB0-17F1-43B1-8673-330DC1F76E5B}.Release|Any CPU.ActiveCfg = Release|Any CPU
		{30E52DB0-17F1-43B1-8673-330DC1F76E5B}.Release|Any CPU.Build.0 = Release|Any CPU
		{58E6AADE-58B4-4B94-A01F-0440D7FDEF09}.Debug|Any CPU.ActiveCfg = Debug|Any CPU
		{58E6AADE-58B4-4B94-A01F-0440D7FDEF09}.Debug|Any CPU.Build.0 = Debug|Any CPU
		{58E6AADE-58B4-4B94-A01F-0440D7FDEF09}.Release|Any CPU.ActiveCfg = Release|Any CPU
		{58E6AADE-58B4-4B94-A01F-0440D7FDEF09}.Release|Any CPU.Build.0 = Release|Any CPU
		{2778CDDF-5511-4D3C-AE14-F3D52ECCEE8A}.Debug|Any CPU.ActiveCfg = Debug|Any CPU
		{2778CDDF-5511-4D3C-AE14-F3D52ECCEE8A}.Debug|Any CPU.Build.0 = Debug|Any CPU
		{2778CDDF-5511-4D3C-AE14-F3D52ECCEE8A}.Release|Any CPU.ActiveCfg = Release|Any CPU
		{2778CDDF-5511-4D3C-AE14-F3D52ECCEE8A}.Release|Any CPU.Build.0 = Release|Any CPU
		{2013B256-2852-4808-9F2C-0D4B6E3F2188}.Debug|Any CPU.ActiveCfg = Debug|Any CPU
		{2013B256-2852-4808-9F2C-0D4B6E3F2188}.Debug|Any CPU.Build.0 = Debug|Any CPU
		{2013B256-2852-4808-9F2C-0D4B6E3F2188}.Release|Any CPU.ActiveCfg = Release|Any CPU
		{2013B256-2852-4808-9F2C-0D4B6E3F2188}.Release|Any CPU.Build.0 = Release|Any CPU
		{B7C81688-1FA3-4E33-9990-73DDE9420E0F}.Debug|Any CPU.ActiveCfg = Debug|Any CPU
		{B7C81688-1FA3-4E33-9990-73DDE9420E0F}.Debug|Any CPU.Build.0 = Debug|Any CPU
		{B7C81688-1FA3-4E33-9990-73DDE9420E0F}.Release|Any CPU.ActiveCfg = Release|Any CPU
		{B7C81688-1FA3-4E33-9990-73DDE9420E0F}.Release|Any CPU.Build.0 = Release|Any CPU
		{6D924E1F-4F86-4C55-988F-4E1B87DF21B8}.Debug|Any CPU.ActiveCfg = Debug|Any CPU
		{6D924E1F-4F86-4C55-988F-4E1B87DF21B8}.Debug|Any CPU.Build.0 = Debug|Any CPU
		{6D924E1F-4F86-4C55-988F-4E1B87DF21B8}.Release|Any CPU.ActiveCfg = Release|Any CPU
		{6D924E1F-4F86-4C55-988F-4E1B87DF21B8}.Release|Any CPU.Build.0 = Release|Any CPU
		{D9B9BB8A-00D8-43AA-B955-6DFD606FC21F}.Debug|Any CPU.ActiveCfg = Debug|Any CPU
		{D9B9BB8A-00D8-43AA-B955-6DFD606FC21F}.Debug|Any CPU.Build.0 = Debug|Any CPU
		{D9B9BB8A-00D8-43AA-B955-6DFD606FC21F}.Release|Any CPU.ActiveCfg = Release|Any CPU
		{D9B9BB8A-00D8-43AA-B955-6DFD606FC21F}.Release|Any CPU.Build.0 = Release|Any CPU
		{803964C9-3B3C-4E0D-AA11-96D057F8EE46}.Debug|Any CPU.ActiveCfg = Debug|Any CPU
		{803964C9-3B3C-4E0D-AA11-96D057F8EE46}.Debug|Any CPU.Build.0 = Debug|Any CPU
		{803964C9-3B3C-4E0D-AA11-96D057F8EE46}.Release|Any CPU.ActiveCfg = Release|Any CPU
		{803964C9-3B3C-4E0D-AA11-96D057F8EE46}.Release|Any CPU.Build.0 = Release|Any CPU
		{16B24B03-9767-41FE-9DA0-4159DFF20A4E}.Debug|Any CPU.ActiveCfg = Debug|Any CPU
		{16B24B03-9767-41FE-9DA0-4159DFF20A4E}.Debug|Any CPU.Build.0 = Debug|Any CPU
		{16B24B03-9767-41FE-9DA0-4159DFF20A4E}.Release|Any CPU.ActiveCfg = Release|Any CPU
		{16B24B03-9767-41FE-9DA0-4159DFF20A4E}.Release|Any CPU.Build.0 = Release|Any CPU
		{E4F44778-59FC-498E-B285-E35CA11D3E61}.Debug|Any CPU.ActiveCfg = Debug|Any CPU
		{E4F44778-59FC-498E-B285-E35CA11D3E61}.Debug|Any CPU.Build.0 = Debug|Any CPU
		{E4F44778-59FC-498E-B285-E35CA11D3E61}.Release|Any CPU.ActiveCfg = Release|Any CPU
		{E4F44778-59FC-498E-B285-E35CA11D3E61}.Release|Any CPU.Build.0 = Release|Any CPU
	EndGlobalSection
	GlobalSection(SolutionProperties) = preSolution
		HideSolutionNode = FALSE
	EndGlobalSection
	GlobalSection(NestedProjects) = preSolution
		{30E52DB0-17F1-43B1-8673-330DC1F76E5B} = {3FA59B88-6399-45BB-812D-00D552DAE4DB}
		{58E6AADE-58B4-4B94-A01F-0440D7FDEF09} = {3FA59B88-6399-45BB-812D-00D552DAE4DB}
		{2778CDDF-5511-4D3C-AE14-F3D52ECCEE8A} = {59D2F48F-31AD-440C-AEBC-8BB841DDB272}
		{2013B256-2852-4808-9F2C-0D4B6E3F2188} = {59D2F48F-31AD-440C-AEBC-8BB841DDB272}
		{B7C81688-1FA3-4E33-9990-73DDE9420E0F} = {B1304A57-D193-4C34-8DAD-635BB334A592}
		{6D924E1F-4F86-4C55-988F-4E1B87DF21B8} = {B1304A57-D193-4C34-8DAD-635BB334A592}
		{D9B9BB8A-00D8-43AA-B955-6DFD606FC21F} = {A4D6161F-3457-45AD-BF1F-4A9D46DFF930}
		{803964C9-3B3C-4E0D-AA11-96D057F8EE46} = {A4D6161F-3457-45AD-BF1F-4A9D46DFF930}
		{16B24B03-9767-41FE-9DA0-4159DFF20A4E} = {1E0DAA69-DB4D-4468-8958-3F40F0B1CF46}
		{E4F44778-59FC-498E-B285-E35CA11D3E61} = {503F2D6C-8BA5-469F-8A2F-A2AE61EC2CA3}
	EndGlobalSection
	GlobalSection(ExtensibilityGlobals) = postSolution
		SolutionGuid = {2C0A69B1-4D3B-401E-9916-A78E1F6CFCEF}
	EndGlobalSection
EndGlobal
