
Microsoft Visual Studio Solution File, Format Version 12.00
# Visual Studio 15
VisualStudioVersion = 15.0.28307.572
MinimumVisualStudioVersion = 10.0.40219.1
Project("{9A19103F-16F7-4668-BE54-9A1E7A4F7556}") = "Terminal.Standard", "Terminal.Standard\Terminal.Standard.csproj", "{30E52DB0-17F1-43B1-8673-330DC1F76E5B}"
EndProject
Project("{FAE04EC0-301F-11D3-BF4B-00C04F79EFBC}") = "Terminal.WPF", "Terminal.WPF\Terminal.WPF.csproj", "{58E6AADE-58B4-4B94-A01F-0440D7FDEF09}"
EndProject
Global
	GlobalSection(SolutionConfigurationPlatforms) = preSolution
		Debug|Any CPU = Debug|Any CPU
		Release|Any CPU = Release|Any CPU
	EndGlobalSection
	GlobalSection(ProjectConfigurationPlatforms) = postSolution
		{30E52DB0-17F1-43B1-8673-330DC1F76E5B}.Debug|Any CPU.ActiveCfg = Debug|Any CPU
		{30E52DB0-17F1-43B1-8673-330DC1F76E5B}.Debug|Any CPU.Build.0 = Debug|Any CPU
		{30E52DB0-17F1-43B1-8673-330DC1F76E5B}.Release|Any CPU.ActiveCfg = Release|Any CPU
		{30E52DB0-17F1-43B1-8673-330DC1F76E5B}.Release|Any CPU.Build.0 = Release|Any CPU
		{58E6AADE-58B4-4B94-A01F-0440D7FDEF09}.Debug|Any CPU.ActiveCfg = Debug|Any CPU
		{58E6AADE-58B4-4B94-A01F-0440D7FDEF09}.Debug|Any CPU.Build.0 = Debug|Any CPU
		{58E6AADE-58B4-4B94-A01F-0440D7FDEF09}.Release|Any CPU.ActiveCfg = Release|Any CPU
		{58E6AADE-58B4-4B94-A01F-0440D7FDEF09}.Release|Any CPU.Build.0 = Release|Any CPU
	EndGlobalSection
	GlobalSection(SolutionProperties) = preSolution
		HideSolutionNode = FALSE
	EndGlobalSection
	GlobalSection(ExtensibilityGlobals) = postSolution
		SolutionGuid = {2C0A69B1-4D3B-401E-9916-A78E1F6CFCEF}
	EndGlobalSection
EndGlobal
