
Microsoft Visual Studio Solution File, Format Version 12.00
# Visual Studio 15
VisualStudioVersion = 15.0.28307.572
MinimumVisualStudioVersion = 10.0.40219.1
Project("{FAE04EC0-301F-11D3-BF4B-00C04F79EFBC}") = "NodeGraphs.Standard", "NodeGraphs.Standard\NodeGraphs.Standard.csproj", "{2778CDDF-5511-4D3C-AE14-F3D52ECCEE8A}"
EndProject
Project("{FAE04EC0-301F-11D3-BF4B-00C04F79EFBC}") = "ConsoleTest", "ConsoleTest\ConsoleTest.csproj", "{D945291F-5342-4D8C-9D2D-C3530C4204A6}"
EndProject
Global
	GlobalSection(SolutionConfigurationPlatforms) = preSolution
		Debug|Any CPU = Debug|Any CPU
		Release|Any CPU = Release|Any CPU
	EndGlobalSection
	GlobalSection(ProjectConfigurationPlatforms) = postSolution
		{2778CDDF-5511-4D3C-AE14-F3D52ECCEE8A}.Debug|Any CPU.ActiveCfg = Debug|Any CPU
		{2778CDDF-5511-4D3C-AE14-F3D52ECCEE8A}.Debug|Any CPU.Build.0 = Debug|Any CPU
		{2778CDDF-5511-4D3C-AE14-F3D52ECCEE8A}.Release|Any CPU.ActiveCfg = Release|Any CPU
		{2778CDDF-5511-4D3C-AE14-F3D52ECCEE8A}.Release|Any CPU.Build.0 = Release|Any CPU
		{D945291F-5342-4D8C-9D2D-C3530C4204A6}.Debug|Any CPU.ActiveCfg = Debug|Any CPU
		{D945291F-5342-4D8C-9D2D-C3530C4204A6}.Debug|Any CPU.Build.0 = Debug|Any CPU
		{D945291F-5342-4D8C-9D2D-C3530C4204A6}.Release|Any CPU.ActiveCfg = Release|Any CPU
		{D945291F-5342-4D8C-9D2D-C3530C4204A6}.Release|Any CPU.Build.0 = Release|Any CPU
	EndGlobalSection
	GlobalSection(SolutionProperties) = preSolution
		HideSolutionNode = FALSE
	EndGlobalSection
	GlobalSection(ExtensibilityGlobals) = postSolution
		SolutionGuid = {9ED4A51E-BE84-41F5-9736-DF73AE7393C9}
	EndGlobalSection
EndGlobal
